
Microsoft Visual Studio Solution File, Format Version 12.00
# Visual Studio 15
VisualStudioVersion = 15.0.28307.329
MinimumVisualStudioVersion = 10.0.40219.1
Project("{FAE04EC0-301F-11D3-BF4B-00C04F79EFBC}") = "CandidateTracking.Web", "CandidateTracking.Web\CandidateTracking.Web.csproj", "{9BCF5C08-8D9B-4298-8040-4789C1E01732}"
EndProject
Project("{FAE04EC0-301F-11D3-BF4B-00C04F79EFBC}") = "CandidateTracking.Data", "CandidateTracking.Data\CandidateTracking.Data.csproj", "{9BA16294-D0F7-4111-A725-5D9B6DE71C1E}"
EndProject
Global
	GlobalSection(SolutionConfigurationPlatforms) = preSolution
		Debug|Any CPU = Debug|Any CPU
		Release|Any CPU = Release|Any CPU
	EndGlobalSection
	GlobalSection(ProjectConfigurationPlatforms) = postSolution
		{9BCF5C08-8D9B-4298-8040-4789C1E01732}.Debug|Any CPU.ActiveCfg = Debug|Any CPU
		{9BCF5C08-8D9B-4298-8040-4789C1E01732}.Debug|Any CPU.Build.0 = Debug|Any CPU
		{9BCF5C08-8D9B-4298-8040-4789C1E01732}.Release|Any CPU.ActiveCfg = Release|Any CPU
		{9BCF5C08-8D9B-4298-8040-4789C1E01732}.Release|Any CPU.Build.0 = Release|Any CPU
		{9BA16294-D0F7-4111-A725-5D9B6DE71C1E}.Debug|Any CPU.ActiveCfg = Debug|Any CPU
		{9BA16294-D0F7-4111-A725-5D9B6DE71C1E}.Debug|Any CPU.Build.0 = Debug|Any CPU
		{9BA16294-D0F7-4111-A725-5D9B6DE71C1E}.Release|Any CPU.ActiveCfg = Release|Any CPU
		{9BA16294-D0F7-4111-A725-5D9B6DE71C1E}.Release|Any CPU.Build.0 = Release|Any CPU
	EndGlobalSection
	GlobalSection(SolutionProperties) = preSolution
		HideSolutionNode = FALSE
	EndGlobalSection
	GlobalSection(ExtensibilityGlobals) = postSolution
		SolutionGuid = {A26C0911-8483-4E5B-B6FD-FF678346A317}
	EndGlobalSection
EndGlobal
